// !$*UTF8*$!
{
	archiveVersion = 1;
	classes = {
	};
	objectVersion = 50;
	objects = {

/* Begin PBXBuildFile section */
		327478C27E62F3279400FAE2 /* Pods_health_kit_test.framework in Frameworks */ = {isa = PBXBuildFile; fileRef = 3AFB517A44673B6B385FF7B6 /* Pods_health_kit_test.framework */; };
		44B80E9C3145F0B34563495A /* Pods_health_kit_testUITests.framework in Frameworks */ = {isa = PBXBuildFile; fileRef = A80F9CF58C92F1851E8F7FF9 /* Pods_health_kit_testUITests.framework */; };
		52D78DA6EB4B3513423E610F /* Pods_health_kit_testTests.framework in Frameworks */ = {isa = PBXBuildFile; fileRef = 508D6679C7A76B0FFAEAD0AC /* Pods_health_kit_testTests.framework */; };
		765CFEDF217A7B5C00B526DA /* AppDelegate.swift in Sources */ = {isa = PBXBuildFile; fileRef = 765CFEDE217A7B5C00B526DA /* AppDelegate.swift */; };
		765CFEE1217A7B5C00B526DA /* ViewController.swift in Sources */ = {isa = PBXBuildFile; fileRef = 765CFEE0217A7B5C00B526DA /* ViewController.swift */; };
		765CFEE4217A7B5C00B526DA /* Main.storyboard in Resources */ = {isa = PBXBuildFile; fileRef = 765CFEE2217A7B5C00B526DA /* Main.storyboard */; };
		765CFEE6217A7B5E00B526DA /* Assets.xcassets in Resources */ = {isa = PBXBuildFile; fileRef = 765CFEE5217A7B5E00B526DA /* Assets.xcassets */; };
		765CFEE9217A7B5E00B526DA /* LaunchScreen.storyboard in Resources */ = {isa = PBXBuildFile; fileRef = 765CFEE7217A7B5E00B526DA /* LaunchScreen.storyboard */; };
		765CFEF4217A7B5E00B526DA /* health_kit_testTests.swift in Sources */ = {isa = PBXBuildFile; fileRef = 765CFEF3217A7B5E00B526DA /* health_kit_testTests.swift */; };
		765CFEFF217A7B5E00B526DA /* health_kit_testUITests.swift in Sources */ = {isa = PBXBuildFile; fileRef = 765CFEFE217A7B5E00B526DA /* health_kit_testUITests.swift */; };
		76D5DBA3217AC5DF00297368 /* HealthKit.framework in Frameworks */ = {isa = PBXBuildFile; fileRef = 76D5DBA2217AC5DF00297368 /* HealthKit.framework */; };
		76D5DBA5217ADA7200297368 /* NetworkLayer.swift in Sources */ = {isa = PBXBuildFile; fileRef = 76D5DBA4217ADA7200297368 /* NetworkLayer.swift */; };
		76FEACF6217BE7FC009D0D2E /* LaunchViewController.swift in Sources */ = {isa = PBXBuildFile; fileRef = 76FEACF5217BE7FC009D0D2E /* LaunchViewController.swift */; };
		76FEACF8217BF386009D0D2E /* LoginViewController.swift in Sources */ = {isa = PBXBuildFile; fileRef = 76FEACF7217BF386009D0D2E /* LoginViewController.swift */; };
/* End PBXBuildFile section */

/* Begin PBXContainerItemProxy section */
		765CFEF0217A7B5E00B526DA /* PBXContainerItemProxy */ = {
			isa = PBXContainerItemProxy;
			containerPortal = 765CFED3217A7B5B00B526DA /* Project object */;
			proxyType = 1;
			remoteGlobalIDString = 765CFEDA217A7B5B00B526DA;
			remoteInfo = health_kit_test;
		};
		765CFEFB217A7B5E00B526DA /* PBXContainerItemProxy */ = {
			isa = PBXContainerItemProxy;
			containerPortal = 765CFED3217A7B5B00B526DA /* Project object */;
			proxyType = 1;
			remoteGlobalIDString = 765CFEDA217A7B5B00B526DA;
			remoteInfo = health_kit_test;
		};
/* End PBXContainerItemProxy section */

/* Begin PBXFileReference section */
		1DC1F46E410EFE63E76202EF /* Pods-health_kit_testTests.debug.xcconfig */ = {isa = PBXFileReference; includeInIndex = 1; lastKnownFileType = text.xcconfig; name = "Pods-health_kit_testTests.debug.xcconfig"; path = "Pods/Target Support Files/Pods-health_kit_testTests/Pods-health_kit_testTests.debug.xcconfig"; sourceTree = "<group>"; };
		3AFB517A44673B6B385FF7B6 /* Pods_health_kit_test.framework */ = {isa = PBXFileReference; explicitFileType = wrapper.framework; includeInIndex = 0; path = Pods_health_kit_test.framework; sourceTree = BUILT_PRODUCTS_DIR; };
		508D6679C7A76B0FFAEAD0AC /* Pods_health_kit_testTests.framework */ = {isa = PBXFileReference; explicitFileType = wrapper.framework; includeInIndex = 0; path = Pods_health_kit_testTests.framework; sourceTree = BUILT_PRODUCTS_DIR; };
		57BF0EA7886BC6CFA06B7D80 /* Pods-health_kit_testUITests.release.xcconfig */ = {isa = PBXFileReference; includeInIndex = 1; lastKnownFileType = text.xcconfig; name = "Pods-health_kit_testUITests.release.xcconfig"; path = "Pods/Target Support Files/Pods-health_kit_testUITests/Pods-health_kit_testUITests.release.xcconfig"; sourceTree = "<group>"; };
		701C65BB2BC0AA91578F8507 /* Pods-health_kit_testTests.release.xcconfig */ = {isa = PBXFileReference; includeInIndex = 1; lastKnownFileType = text.xcconfig; name = "Pods-health_kit_testTests.release.xcconfig"; path = "Pods/Target Support Files/Pods-health_kit_testTests/Pods-health_kit_testTests.release.xcconfig"; sourceTree = "<group>"; };
		765CFEDB217A7B5C00B526DA /* health_kit_test.app */ = {isa = PBXFileReference; explicitFileType = wrapper.application; includeInIndex = 0; path = health_kit_test.app; sourceTree = BUILT_PRODUCTS_DIR; };
		765CFEDE217A7B5C00B526DA /* AppDelegate.swift */ = {isa = PBXFileReference; lastKnownFileType = sourcecode.swift; path = AppDelegate.swift; sourceTree = "<group>"; };
		765CFEE0217A7B5C00B526DA /* ViewController.swift */ = {isa = PBXFileReference; lastKnownFileType = sourcecode.swift; path = ViewController.swift; sourceTree = "<group>"; };
		765CFEE3217A7B5C00B526DA /* Base */ = {isa = PBXFileReference; lastKnownFileType = file.storyboard; name = Base; path = Base.lproj/Main.storyboard; sourceTree = "<group>"; };
		765CFEE5217A7B5E00B526DA /* Assets.xcassets */ = {isa = PBXFileReference; lastKnownFileType = folder.assetcatalog; path = Assets.xcassets; sourceTree = "<group>"; };
		765CFEE8217A7B5E00B526DA /* Base */ = {isa = PBXFileReference; lastKnownFileType = file.storyboard; name = Base; path = Base.lproj/LaunchScreen.storyboard; sourceTree = "<group>"; };
		765CFEEA217A7B5E00B526DA /* Info.plist */ = {isa = PBXFileReference; lastKnownFileType = text.plist.xml; path = Info.plist; sourceTree = "<group>"; };
		765CFEEF217A7B5E00B526DA /* health_kit_testTests.xctest */ = {isa = PBXFileReference; explicitFileType = wrapper.cfbundle; includeInIndex = 0; path = health_kit_testTests.xctest; sourceTree = BUILT_PRODUCTS_DIR; };
		765CFEF3217A7B5E00B526DA /* health_kit_testTests.swift */ = {isa = PBXFileReference; lastKnownFileType = sourcecode.swift; path = health_kit_testTests.swift; sourceTree = "<group>"; };
		765CFEF5217A7B5E00B526DA /* Info.plist */ = {isa = PBXFileReference; lastKnownFileType = text.plist.xml; path = Info.plist; sourceTree = "<group>"; };
		765CFEFA217A7B5E00B526DA /* health_kit_testUITests.xctest */ = {isa = PBXFileReference; explicitFileType = wrapper.cfbundle; includeInIndex = 0; path = health_kit_testUITests.xctest; sourceTree = BUILT_PRODUCTS_DIR; };
		765CFEFE217A7B5E00B526DA /* health_kit_testUITests.swift */ = {isa = PBXFileReference; lastKnownFileType = sourcecode.swift; path = health_kit_testUITests.swift; sourceTree = "<group>"; };
		765CFF00217A7B5E00B526DA /* Info.plist */ = {isa = PBXFileReference; lastKnownFileType = text.plist.xml; path = Info.plist; sourceTree = "<group>"; };
		765CFF0C217A7B8A00B526DA /* health_kit_test.entitlements */ = {isa = PBXFileReference; lastKnownFileType = text.plist.entitlements; path = health_kit_test.entitlements; sourceTree = "<group>"; };
		76D5DBA2217AC5DF00297368 /* HealthKit.framework */ = {isa = PBXFileReference; lastKnownFileType = wrapper.framework; name = HealthKit.framework; path = System/Library/Frameworks/HealthKit.framework; sourceTree = SDKROOT; };
		76D5DBA4217ADA7200297368 /* NetworkLayer.swift */ = {isa = PBXFileReference; lastKnownFileType = sourcecode.swift; path = NetworkLayer.swift; sourceTree = "<group>"; };
		76FEACF5217BE7FC009D0D2E /* LaunchViewController.swift */ = {isa = PBXFileReference; lastKnownFileType = sourcecode.swift; name = LaunchViewController.swift; path = ../LaunchViewController.swift; sourceTree = "<group>"; };
		76FEACF7217BF386009D0D2E /* LoginViewController.swift */ = {isa = PBXFileReference; lastKnownFileType = sourcecode.swift; path = LoginViewController.swift; sourceTree = "<group>"; };
		A80F9CF58C92F1851E8F7FF9 /* Pods_health_kit_testUITests.framework */ = {isa = PBXFileReference; explicitFileType = wrapper.framework; includeInIndex = 0; path = Pods_health_kit_testUITests.framework; sourceTree = BUILT_PRODUCTS_DIR; };
		C0B695E48E2C9703D5521BF8 /* Pods-health_kit_testUITests.debug.xcconfig */ = {isa = PBXFileReference; includeInIndex = 1; lastKnownFileType = text.xcconfig; name = "Pods-health_kit_testUITests.debug.xcconfig"; path = "Pods/Target Support Files/Pods-health_kit_testUITests/Pods-health_kit_testUITests.debug.xcconfig"; sourceTree = "<group>"; };
		E99E8A01B96E4101D0D87DCE /* Pods-health_kit_test.debug.xcconfig */ = {isa = PBXFileReference; includeInIndex = 1; lastKnownFileType = text.xcconfig; name = "Pods-health_kit_test.debug.xcconfig"; path = "Pods/Target Support Files/Pods-health_kit_test/Pods-health_kit_test.debug.xcconfig"; sourceTree = "<group>"; };
		ECC845317DD99072B80B65D1 /* Pods-health_kit_test.release.xcconfig */ = {isa = PBXFileReference; includeInIndex = 1; lastKnownFileType = text.xcconfig; name = "Pods-health_kit_test.release.xcconfig"; path = "Pods/Target Support Files/Pods-health_kit_test/Pods-health_kit_test.release.xcconfig"; sourceTree = "<group>"; };
/* End PBXFileReference section */

/* Begin PBXFrameworksBuildPhase section */
		765CFED8217A7B5B00B526DA /* Frameworks */ = {
			isa = PBXFrameworksBuildPhase;
			buildActionMask = 2147483647;
			files = (
				76D5DBA3217AC5DF00297368 /* HealthKit.framework in Frameworks */,
				327478C27E62F3279400FAE2 /* Pods_health_kit_test.framework in Frameworks */,
			);
			runOnlyForDeploymentPostprocessing = 0;
		};
		765CFEEC217A7B5E00B526DA /* Frameworks */ = {
			isa = PBXFrameworksBuildPhase;
			buildActionMask = 2147483647;
			files = (
				52D78DA6EB4B3513423E610F /* Pods_health_kit_testTests.framework in Frameworks */,
			);
			runOnlyForDeploymentPostprocessing = 0;
		};
		765CFEF7217A7B5E00B526DA /* Frameworks */ = {
			isa = PBXFrameworksBuildPhase;
			buildActionMask = 2147483647;
			files = (
				44B80E9C3145F0B34563495A /* Pods_health_kit_testUITests.framework in Frameworks */,
			);
			runOnlyForDeploymentPostprocessing = 0;
		};
/* End PBXFrameworksBuildPhase section */

/* Begin PBXGroup section */
		765CFED2217A7B5B00B526DA = {
			isa = PBXGroup;
			children = (
				765CFEDD217A7B5C00B526DA /* health_kit_test */,
				765CFEF2217A7B5E00B526DA /* health_kit_testTests */,
				765CFEFD217A7B5E00B526DA /* health_kit_testUITests */,
				765CFEDC217A7B5C00B526DA /* Products */,
				765CFF0D217A7B8A00B526DA /* Frameworks */,
				9B0F8E37F34E850D82A764BC /* Pods */,
			);
			sourceTree = "<group>";
		};
		765CFEDC217A7B5C00B526DA /* Products */ = {
			isa = PBXGroup;
			children = (
				765CFEDB217A7B5C00B526DA /* health_kit_test.app */,
				765CFEEF217A7B5E00B526DA /* health_kit_testTests.xctest */,
				765CFEFA217A7B5E00B526DA /* health_kit_testUITests.xctest */,
			);
			name = Products;
			sourceTree = "<group>";
		};
		765CFEDD217A7B5C00B526DA /* health_kit_test */ = {
			isa = PBXGroup;
			children = (
				765CFF0C217A7B8A00B526DA /* health_kit_test.entitlements */,
				765CFEDE217A7B5C00B526DA /* AppDelegate.swift */,
				765CFEE0217A7B5C00B526DA /* ViewController.swift */,
				76FEACF7217BF386009D0D2E /* LoginViewController.swift */,
				76FEACF5217BE7FC009D0D2E /* LaunchViewController.swift */,
				765CFEE2217A7B5C00B526DA /* Main.storyboard */,
				76D5DBA6217ADB8500297368 /* Networking */,
				765CFEE5217A7B5E00B526DA /* Assets.xcassets */,
				765CFEE7217A7B5E00B526DA /* LaunchScreen.storyboard */,
				765CFEEA217A7B5E00B526DA /* Info.plist */,
			);
			path = health_kit_test;
			sourceTree = "<group>";
		};
		765CFEF2217A7B5E00B526DA /* health_kit_testTests */ = {
			isa = PBXGroup;
			children = (
				765CFEF3217A7B5E00B526DA /* health_kit_testTests.swift */,
				765CFEF5217A7B5E00B526DA /* Info.plist */,
			);
			path = health_kit_testTests;
			sourceTree = "<group>";
		};
		765CFEFD217A7B5E00B526DA /* health_kit_testUITests */ = {
			isa = PBXGroup;
			children = (
				765CFEFE217A7B5E00B526DA /* health_kit_testUITests.swift */,
				765CFF00217A7B5E00B526DA /* Info.plist */,
			);
			path = health_kit_testUITests;
			sourceTree = "<group>";
		};
		765CFF0D217A7B8A00B526DA /* Frameworks */ = {
			isa = PBXGroup;
			children = (
				76D5DBA2217AC5DF00297368 /* HealthKit.framework */,
				3AFB517A44673B6B385FF7B6 /* Pods_health_kit_test.framework */,
				508D6679C7A76B0FFAEAD0AC /* Pods_health_kit_testTests.framework */,
				A80F9CF58C92F1851E8F7FF9 /* Pods_health_kit_testUITests.framework */,
			);
			name = Frameworks;
			sourceTree = "<group>";
		};
		76D5DBA6217ADB8500297368 /* Networking */ = {
			isa = PBXGroup;
			children = (
				76D5DBA4217ADA7200297368 /* NetworkLayer.swift */,
			);
			path = Networking;
			sourceTree = "<group>";
		};
		9B0F8E37F34E850D82A764BC /* Pods */ = {
			isa = PBXGroup;
			children = (
				E99E8A01B96E4101D0D87DCE /* Pods-health_kit_test.debug.xcconfig */,
				ECC845317DD99072B80B65D1 /* Pods-health_kit_test.release.xcconfig */,
				1DC1F46E410EFE63E76202EF /* Pods-health_kit_testTests.debug.xcconfig */,
				701C65BB2BC0AA91578F8507 /* Pods-health_kit_testTests.release.xcconfig */,
				C0B695E48E2C9703D5521BF8 /* Pods-health_kit_testUITests.debug.xcconfig */,
				57BF0EA7886BC6CFA06B7D80 /* Pods-health_kit_testUITests.release.xcconfig */,
			);
			name = Pods;
			sourceTree = "<group>";
		};
/* End PBXGroup section */

/* Begin PBXNativeTarget section */
		765CFEDA217A7B5B00B526DA /* health_kit_test */ = {
			isa = PBXNativeTarget;
			buildConfigurationList = 765CFF03217A7B5E00B526DA /* Build configuration list for PBXNativeTarget "health_kit_test" */;
			buildPhases = (
				29F73362FF07070E5C0D2A8C /* [CP] Check Pods Manifest.lock */,
				765CFED7217A7B5B00B526DA /* Sources */,
				765CFED8217A7B5B00B526DA /* Frameworks */,
				765CFED9217A7B5B00B526DA /* Resources */,
				43CEF7C0B085918B0C04A61A /* [CP] Embed Pods Frameworks */,
			);
			buildRules = (
			);
			dependencies = (
			);
			name = health_kit_test;
			productName = health_kit_test;
			productReference = 765CFEDB217A7B5C00B526DA /* health_kit_test.app */;
			productType = "com.apple.product-type.application";
		};
		765CFEEE217A7B5E00B526DA /* health_kit_testTests */ = {
			isa = PBXNativeTarget;
			buildConfigurationList = 765CFF06217A7B5E00B526DA /* Build configuration list for PBXNativeTarget "health_kit_testTests" */;
			buildPhases = (
				1284621434CA497A64DA2E1E /* [CP] Check Pods Manifest.lock */,
				765CFEEB217A7B5E00B526DA /* Sources */,
				765CFEEC217A7B5E00B526DA /* Frameworks */,
				765CFEED217A7B5E00B526DA /* Resources */,
			);
			buildRules = (
			);
			dependencies = (
				765CFEF1217A7B5E00B526DA /* PBXTargetDependency */,
			);
			name = health_kit_testTests;
			productName = health_kit_testTests;
			productReference = 765CFEEF217A7B5E00B526DA /* health_kit_testTests.xctest */;
			productType = "com.apple.product-type.bundle.unit-test";
		};
		765CFEF9217A7B5E00B526DA /* health_kit_testUITests */ = {
			isa = PBXNativeTarget;
			buildConfigurationList = 765CFF09217A7B5E00B526DA /* Build configuration list for PBXNativeTarget "health_kit_testUITests" */;
			buildPhases = (
				0FEB9C1861F01C30B5C097A1 /* [CP] Check Pods Manifest.lock */,
				765CFEF6217A7B5E00B526DA /* Sources */,
				765CFEF7217A7B5E00B526DA /* Frameworks */,
				765CFEF8217A7B5E00B526DA /* Resources */,
			);
			buildRules = (
			);
			dependencies = (
				765CFEFC217A7B5E00B526DA /* PBXTargetDependency */,
			);
			name = health_kit_testUITests;
			productName = health_kit_testUITests;
			productReference = 765CFEFA217A7B5E00B526DA /* health_kit_testUITests.xctest */;
			productType = "com.apple.product-type.bundle.ui-testing";
		};
/* End PBXNativeTarget section */

/* Begin PBXProject section */
		765CFED3217A7B5B00B526DA /* Project object */ = {
			isa = PBXProject;
			attributes = {
				LastSwiftUpdateCheck = 1000;
				LastUpgradeCheck = 1000;
				ORGANIZATIONNAME = "Neil Goldader";
				TargetAttributes = {
					765CFEDA217A7B5B00B526DA = {
						CreatedOnToolsVersion = 10.0;
						SystemCapabilities = {
							com.apple.HealthKit = {
								enabled = 1;
							};
						};
					};
					765CFEEE217A7B5E00B526DA = {
						CreatedOnToolsVersion = 10.0;
						TestTargetID = 765CFEDA217A7B5B00B526DA;
					};
					765CFEF9217A7B5E00B526DA = {
						CreatedOnToolsVersion = 10.0;
						TestTargetID = 765CFEDA217A7B5B00B526DA;
					};
				};
			};
			buildConfigurationList = 765CFED6217A7B5B00B526DA /* Build configuration list for PBXProject "health_kit_test" */;
			compatibilityVersion = "Xcode 9.3";
			developmentRegion = en;
			hasScannedForEncodings = 0;
			knownRegions = (
				en,
				Base,
			);
			mainGroup = 765CFED2217A7B5B00B526DA;
			productRefGroup = 765CFEDC217A7B5C00B526DA /* Products */;
			projectDirPath = "";
			projectRoot = "";
			targets = (
				765CFEDA217A7B5B00B526DA /* health_kit_test */,
				765CFEEE217A7B5E00B526DA /* health_kit_testTests */,
				765CFEF9217A7B5E00B526DA /* health_kit_testUITests */,
			);
		};
/* End PBXProject section */

/* Begin PBXResourcesBuildPhase section */
		765CFED9217A7B5B00B526DA /* Resources */ = {
			isa = PBXResourcesBuildPhase;
			buildActionMask = 2147483647;
			files = (
				765CFEE9217A7B5E00B526DA /* LaunchScreen.storyboard in Resources */,
				765CFEE6217A7B5E00B526DA /* Assets.xcassets in Resources */,
				765CFEE4217A7B5C00B526DA /* Main.storyboard in Resources */,
			);
			runOnlyForDeploymentPostprocessing = 0;
		};
		765CFEED217A7B5E00B526DA /* Resources */ = {
			isa = PBXResourcesBuildPhase;
			buildActionMask = 2147483647;
			files = (
			);
			runOnlyForDeploymentPostprocessing = 0;
		};
		765CFEF8217A7B5E00B526DA /* Resources */ = {
			isa = PBXResourcesBuildPhase;
			buildActionMask = 2147483647;
			files = (
			);
			runOnlyForDeploymentPostprocessing = 0;
		};
/* End PBXResourcesBuildPhase section */

/* Begin PBXShellScriptBuildPhase section */
		0FEB9C1861F01C30B5C097A1 /* [CP] Check Pods Manifest.lock */ = {
			isa = PBXShellScriptBuildPhase;
			buildActionMask = 2147483647;
			files = (
			);
			inputFileListPaths = (
			);
			inputPaths = (
				"${PODS_PODFILE_DIR_PATH}/Podfile.lock",
				"${PODS_ROOT}/Manifest.lock",
			);
			name = "[CP] Check Pods Manifest.lock";
			outputFileListPaths = (
			);
			outputPaths = (
				"$(DERIVED_FILE_DIR)/Pods-health_kit_testUITests-checkManifestLockResult.txt",
			);
			runOnlyForDeploymentPostprocessing = 0;
			shellPath = /bin/sh;
			shellScript = "diff \"${PODS_PODFILE_DIR_PATH}/Podfile.lock\" \"${PODS_ROOT}/Manifest.lock\" > /dev/null\nif [ $? != 0 ] ; then\n    # print error to STDERR\n    echo \"error: The sandbox is not in sync with the Podfile.lock. Run 'pod install' or update your CocoaPods installation.\" >&2\n    exit 1\nfi\n# This output is used by Xcode 'outputs' to avoid re-running this script phase.\necho \"SUCCESS\" > \"${SCRIPT_OUTPUT_FILE_0}\"\n";
			showEnvVarsInLog = 0;
		};
		1284621434CA497A64DA2E1E /* [CP] Check Pods Manifest.lock */ = {
			isa = PBXShellScriptBuildPhase;
			buildActionMask = 2147483647;
			files = (
			);
			inputFileListPaths = (
			);
			inputPaths = (
				"${PODS_PODFILE_DIR_PATH}/Podfile.lock",
				"${PODS_ROOT}/Manifest.lock",
			);
			name = "[CP] Check Pods Manifest.lock";
			outputFileListPaths = (
			);
			outputPaths = (
				"$(DERIVED_FILE_DIR)/Pods-health_kit_testTests-checkManifestLockResult.txt",
			);
			runOnlyForDeploymentPostprocessing = 0;
			shellPath = /bin/sh;
			shellScript = "diff \"${PODS_PODFILE_DIR_PATH}/Podfile.lock\" \"${PODS_ROOT}/Manifest.lock\" > /dev/null\nif [ $? != 0 ] ; then\n    # print error to STDERR\n    echo \"error: The sandbox is not in sync with the Podfile.lock. Run 'pod install' or update your CocoaPods installation.\" >&2\n    exit 1\nfi\n# This output is used by Xcode 'outputs' to avoid re-running this script phase.\necho \"SUCCESS\" > \"${SCRIPT_OUTPUT_FILE_0}\"\n";
			showEnvVarsInLog = 0;
		};
		29F73362FF07070E5C0D2A8C /* [CP] Check Pods Manifest.lock */ = {
			isa = PBXShellScriptBuildPhase;
			buildActionMask = 2147483647;
			files = (
			);
			inputFileListPaths = (
			);
			inputPaths = (
				"${PODS_PODFILE_DIR_PATH}/Podfile.lock",
				"${PODS_ROOT}/Manifest.lock",
			);
			name = "[CP] Check Pods Manifest.lock";
			outputFileListPaths = (
			);
			outputPaths = (
				"$(DERIVED_FILE_DIR)/Pods-health_kit_test-checkManifestLockResult.txt",
			);
			runOnlyForDeploymentPostprocessing = 0;
			shellPath = /bin/sh;
			shellScript = "diff \"${PODS_PODFILE_DIR_PATH}/Podfile.lock\" \"${PODS_ROOT}/Manifest.lock\" > /dev/null\nif [ $? != 0 ] ; then\n    # print error to STDERR\n    echo \"error: The sandbox is not in sync with the Podfile.lock. Run 'pod install' or update your CocoaPods installation.\" >&2\n    exit 1\nfi\n# This output is used by Xcode 'outputs' to avoid re-running this script phase.\necho \"SUCCESS\" > \"${SCRIPT_OUTPUT_FILE_0}\"\n";
			showEnvVarsInLog = 0;
		};
		43CEF7C0B085918B0C04A61A /* [CP] Embed Pods Frameworks */ = {
			isa = PBXShellScriptBuildPhase;
			buildActionMask = 2147483647;
			files = (
			);
			inputFileListPaths = (
			);
			inputPaths = (
				"${SRCROOT}/Pods/Target Support Files/Pods-health_kit_test/Pods-health_kit_test-frameworks.sh",
				"${BUILT_PRODUCTS_DIR}/Alamofire/Alamofire.framework",
				"${BUILT_PRODUCTS_DIR}/SwiftyJSON/SwiftyJSON.framework",
			);
			name = "[CP] Embed Pods Frameworks";
			outputFileListPaths = (
			);
			outputPaths = (
				"${TARGET_BUILD_DIR}/${FRAMEWORKS_FOLDER_PATH}/Alamofire.framework",
				"${TARGET_BUILD_DIR}/${FRAMEWORKS_FOLDER_PATH}/SwiftyJSON.framework",
			);
			runOnlyForDeploymentPostprocessing = 0;
			shellPath = /bin/sh;
			shellScript = "\"${SRCROOT}/Pods/Target Support Files/Pods-health_kit_test/Pods-health_kit_test-frameworks.sh\"\n";
			showEnvVarsInLog = 0;
		};
/* End PBXShellScriptBuildPhase section */

/* Begin PBXSourcesBuildPhase section */
		765CFED7217A7B5B00B526DA /* Sources */ = {
			isa = PBXSourcesBuildPhase;
			buildActionMask = 2147483647;
			files = (
				76D5DBA5217ADA7200297368 /* NetworkLayer.swift in Sources */,
				765CFEE1217A7B5C00B526DA /* ViewController.swift in Sources */,
				765CFEDF217A7B5C00B526DA /* AppDelegate.swift in Sources */,
				76FEACF8217BF386009D0D2E /* LoginViewController.swift in Sources */,
				76FEACF6217BE7FC009D0D2E /* LaunchViewController.swift in Sources */,
			);
			runOnlyForDeploymentPostprocessing = 0;
		};
		765CFEEB217A7B5E00B526DA /* Sources */ = {
			isa = PBXSourcesBuildPhase;
			buildActionMask = 2147483647;
			files = (
				765CFEF4217A7B5E00B526DA /* health_kit_testTests.swift in Sources */,
			);
			runOnlyForDeploymentPostprocessing = 0;
		};
		765CFEF6217A7B5E00B526DA /* Sources */ = {
			isa = PBXSourcesBuildPhase;
			buildActionMask = 2147483647;
			files = (
				765CFEFF217A7B5E00B526DA /* health_kit_testUITests.swift in Sources */,
			);
			runOnlyForDeploymentPostprocessing = 0;
		};
/* End PBXSourcesBuildPhase section */

/* Begin PBXTargetDependency section */
		765CFEF1217A7B5E00B526DA /* PBXTargetDependency */ = {
			isa = PBXTargetDependency;
			target = 765CFEDA217A7B5B00B526DA /* health_kit_test */;
			targetProxy = 765CFEF0217A7B5E00B526DA /* PBXContainerItemProxy */;
		};
		765CFEFC217A7B5E00B526DA /* PBXTargetDependency */ = {
			isa = PBXTargetDependency;
			target = 765CFEDA217A7B5B00B526DA /* health_kit_test */;
			targetProxy = 765CFEFB217A7B5E00B526DA /* PBXContainerItemProxy */;
		};
/* End PBXTargetDependency section */

/* Begin PBXVariantGroup section */
		765CFEE2217A7B5C00B526DA /* Main.storyboard */ = {
			isa = PBXVariantGroup;
			children = (
				765CFEE3217A7B5C00B526DA /* Base */,
			);
			name = Main.storyboard;
			sourceTree = "<group>";
		};
		765CFEE7217A7B5E00B526DA /* LaunchScreen.storyboard */ = {
			isa = PBXVariantGroup;
			children = (
				765CFEE8217A7B5E00B526DA /* Base */,
			);
			name = LaunchScreen.storyboard;
			sourceTree = "<group>";
		};
/* End PBXVariantGroup section */

/* Begin XCBuildConfiguration section */
		765CFF01217A7B5E00B526DA /* Debug */ = {
			isa = XCBuildConfiguration;
			buildSettings = {
				ALWAYS_SEARCH_USER_PATHS = NO;
				CLANG_ANALYZER_NONNULL = YES;
				CLANG_ANALYZER_NUMBER_OBJECT_CONVERSION = YES_AGGRESSIVE;
				CLANG_CXX_LANGUAGE_STANDARD = "gnu++14";
				CLANG_CXX_LIBRARY = "libc++";
				CLANG_ENABLE_MODULES = YES;
				CLANG_ENABLE_OBJC_ARC = YES;
				CLANG_ENABLE_OBJC_WEAK = YES;
				CLANG_WARN_BLOCK_CAPTURE_AUTORELEASING = YES;
				CLANG_WARN_BOOL_CONVERSION = YES;
				CLANG_WARN_COMMA = YES;
				CLANG_WARN_CONSTANT_CONVERSION = YES;
				CLANG_WARN_DEPRECATED_OBJC_IMPLEMENTATIONS = YES;
				CLANG_WARN_DIRECT_OBJC_ISA_USAGE = YES_ERROR;
				CLANG_WARN_DOCUMENTATION_COMMENTS = YES;
				CLANG_WARN_EMPTY_BODY = YES;
				CLANG_WARN_ENUM_CONVERSION = YES;
				CLANG_WARN_INFINITE_RECURSION = YES;
				CLANG_WARN_INT_CONVERSION = YES;
				CLANG_WARN_NON_LITERAL_NULL_CONVERSION = YES;
				CLANG_WARN_OBJC_IMPLICIT_RETAIN_SELF = YES;
				CLANG_WARN_OBJC_LITERAL_CONVERSION = YES;
				CLANG_WARN_OBJC_ROOT_CLASS = YES_ERROR;
				CLANG_WARN_RANGE_LOOP_ANALYSIS = YES;
				CLANG_WARN_STRICT_PROTOTYPES = YES;
				CLANG_WARN_SUSPICIOUS_MOVE = YES;
				CLANG_WARN_UNGUARDED_AVAILABILITY = YES_AGGRESSIVE;
				CLANG_WARN_UNREACHABLE_CODE = YES;
				CLANG_WARN__DUPLICATE_METHOD_MATCH = YES;
				CODE_SIGN_IDENTITY = "iPhone Developer";
				COPY_PHASE_STRIP = NO;
				DEBUG_INFORMATION_FORMAT = dwarf;
				ENABLE_STRICT_OBJC_MSGSEND = YES;
				ENABLE_TESTABILITY = YES;
				GCC_C_LANGUAGE_STANDARD = gnu11;
				GCC_DYNAMIC_NO_PIC = NO;
				GCC_NO_COMMON_BLOCKS = YES;
				GCC_OPTIMIZATION_LEVEL = 0;
				GCC_PREPROCESSOR_DEFINITIONS = (
					"DEBUG=1",
					"$(inherited)",
				);
				GCC_WARN_64_TO_32_BIT_CONVERSION = YES;
				GCC_WARN_ABOUT_RETURN_TYPE = YES_ERROR;
				GCC_WARN_UNDECLARED_SELECTOR = YES;
				GCC_WARN_UNINITIALIZED_AUTOS = YES_AGGRESSIVE;
				GCC_WARN_UNUSED_FUNCTION = YES;
				GCC_WARN_UNUSED_VARIABLE = YES;
				IPHONEOS_DEPLOYMENT_TARGET = 12.0;
				MTL_ENABLE_DEBUG_INFO = INCLUDE_SOURCE;
				ONLY_ACTIVE_ARCH = YES;
				SDKROOT = iphoneos;
				SWIFT_ACTIVE_COMPILATION_CONDITIONS = DEBUG;
				SWIFT_OPTIMIZATION_LEVEL = "-Onone";
			};
			name = Debug;
		};
		765CFF02217A7B5E00B526DA /* Release */ = {
			isa = XCBuildConfiguration;
			buildSettings = {
				ALWAYS_SEARCH_USER_PATHS = NO;
				CLANG_ANALYZER_NONNULL = YES;
				CLANG_ANALYZER_NUMBER_OBJECT_CONVERSION = YES_AGGRESSIVE;
				CLANG_CXX_LANGUAGE_STANDARD = "gnu++14";
				CLANG_CXX_LIBRARY = "libc++";
				CLANG_ENABLE_MODULES = YES;
				CLANG_ENABLE_OBJC_ARC = YES;
				CLANG_ENABLE_OBJC_WEAK = YES;
				CLANG_WARN_BLOCK_CAPTURE_AUTORELEASING = YES;
				CLANG_WARN_BOOL_CONVERSION = YES;
				CLANG_WARN_COMMA = YES;
				CLANG_WARN_CONSTANT_CONVERSION = YES;
				CLANG_WARN_DEPRECATED_OBJC_IMPLEMENTATIONS = YES;
				CLANG_WARN_DIRECT_OBJC_ISA_USAGE = YES_ERROR;
				CLANG_WARN_DOCUMENTATION_COMMENTS = YES;
				CLANG_WARN_EMPTY_BODY = YES;
				CLANG_WARN_ENUM_CONVERSION = YES;
				CLANG_WARN_INFINITE_RECURSION = YES;
				CLANG_WARN_INT_CONVERSION = YES;
				CLANG_WARN_NON_LITERAL_NULL_CONVERSION = YES;
				CLANG_WARN_OBJC_IMPLICIT_RETAIN_SELF = YES;
				CLANG_WARN_OBJC_LITERAL_CONVERSION = YES;
				CLANG_WARN_OBJC_ROOT_CLASS = YES_ERROR;
				CLANG_WARN_RANGE_LOOP_ANALYSIS = YES;
				CLANG_WARN_STRICT_PROTOTYPES = YES;
				CLANG_WARN_SUSPICIOUS_MOVE = YES;
				CLANG_WARN_UNGUARDED_AVAILABILITY = YES_AGGRESSIVE;
				CLANG_WARN_UNREACHABLE_CODE = YES;
				CLANG_WARN__DUPLICATE_METHOD_MATCH = YES;
				CODE_SIGN_IDENTITY = "iPhone Developer";
				COPY_PHASE_STRIP = NO;
				DEBUG_INFORMATION_FORMAT = "dwarf-with-dsym";
				ENABLE_NS_ASSERTIONS = NO;
				ENABLE_STRICT_OBJC_MSGSEND = YES;
				GCC_C_LANGUAGE_STANDARD = gnu11;
				GCC_NO_COMMON_BLOCKS = YES;
				GCC_WARN_64_TO_32_BIT_CONVERSION = YES;
				GCC_WARN_ABOUT_RETURN_TYPE = YES_ERROR;
				GCC_WARN_UNDECLARED_SELECTOR = YES;
				GCC_WARN_UNINITIALIZED_AUTOS = YES_AGGRESSIVE;
				GCC_WARN_UNUSED_FUNCTION = YES;
				GCC_WARN_UNUSED_VARIABLE = YES;
				IPHONEOS_DEPLOYMENT_TARGET = 12.0;
				MTL_ENABLE_DEBUG_INFO = NO;
				SDKROOT = iphoneos;
				SWIFT_COMPILATION_MODE = wholemodule;
				SWIFT_OPTIMIZATION_LEVEL = "-O";
				VALIDATE_PRODUCT = YES;
			};
			name = Release;
		};
		765CFF04217A7B5E00B526DA /* Debug */ = {
			isa = XCBuildConfiguration;
			baseConfigurationReference = E99E8A01B96E4101D0D87DCE /* Pods-health_kit_test.debug.xcconfig */;
			buildSettings = {
				ASSETCATALOG_COMPILER_APPICON_NAME = AppIcon;
				CODE_SIGN_ENTITLEMENTS = health_kit_test/health_kit_test.entitlements;
				CODE_SIGN_STYLE = Automatic;
				DEVELOPMENT_TEAM = R668T822R7;
				INFOPLIST_FILE = health_kit_test/Info.plist;
				LD_RUNPATH_SEARCH_PATHS = (
					"$(inherited)",
					"@executable_path/Frameworks",
				);
				PRODUCT_BUNDLE_IDENTIFIER = hackharvard.surround;
				PRODUCT_NAME = "$(TARGET_NAME)";
				SWIFT_VERSION = 4.2;
				TARGETED_DEVICE_FAMILY = "1,2";
			};
			name = Debug;
		};
		765CFF05217A7B5E00B526DA /* Release */ = {
			isa = XCBuildConfiguration;
			baseConfigurationReference = ECC845317DD99072B80B65D1 /* Pods-health_kit_test.release.xcconfig */;
			buildSettings = {
				ASSETCATALOG_COMPILER_APPICON_NAME = AppIcon;
				CODE_SIGN_ENTITLEMENTS = health_kit_test/health_kit_test.entitlements;
				CODE_SIGN_STYLE = Automatic;
				DEVELOPMENT_TEAM = R668T822R7;
				INFOPLIST_FILE = health_kit_test/Info.plist;
				LD_RUNPATH_SEARCH_PATHS = (
					"$(inherited)",
					"@executable_path/Frameworks",
				);
				PRODUCT_BUNDLE_IDENTIFIER = hackharvard.surround;
				PRODUCT_NAME = "$(TARGET_NAME)";
				SWIFT_VERSION = 4.2;
				TARGETED_DEVICE_FAMILY = "1,2";
			};
			name = Release;
		};
		765CFF07217A7B5E00B526DA /* Debug */ = {
			isa = XCBuildConfiguration;
			baseConfigurationReference = 1DC1F46E410EFE63E76202EF /* Pods-health_kit_testTests.debug.xcconfig */;
			buildSettings = {
				ALWAYS_EMBED_SWIFT_STANDARD_LIBRARIES = YES;
				BUNDLE_LOADER = "$(TEST_HOST)";
				CODE_SIGN_STYLE = Automatic;
				INFOPLIST_FILE = health_kit_testTests/Info.plist;
				LD_RUNPATH_SEARCH_PATHS = (
					"$(inherited)",
					"@executable_path/Frameworks",
					"@loader_path/Frameworks",
				);
				PRODUCT_BUNDLE_IDENTIFIER = "goldader.health-kit-testTests";
				PRODUCT_NAME = "$(TARGET_NAME)";
				SWIFT_VERSION = 4.2;
				TARGETED_DEVICE_FAMILY = "1,2";
				TEST_HOST = "$(BUILT_PRODUCTS_DIR)/health_kit_test.app/health_kit_test";
			};
			name = Debug;
		};
		765CFF08217A7B5E00B526DA /* Release */ = {
			isa = XCBuildConfiguration;
			baseConfigurationReference = 701C65BB2BC0AA91578F8507 /* Pods-health_kit_testTests.release.xcconfig */;
			buildSettings = {
				ALWAYS_EMBED_SWIFT_STANDARD_LIBRARIES = YES;
				BUNDLE_LOADER = "$(TEST_HOST)";
				CODE_SIGN_STYLE = Automatic;
				INFOPLIST_FILE = health_kit_testTests/Info.plist;
				LD_RUNPATH_SEARCH_PATHS = (
					"$(inherited)",
					"@executable_path/Frameworks",
					"@loader_path/Frameworks",
				);
				PRODUCT_BUNDLE_IDENTIFIER = "goldader.health-kit-testTests";
				PRODUCT_NAME = "$(TARGET_NAME)";
				SWIFT_VERSION = 4.2;
				TARGETED_DEVICE_FAMILY = "1,2";
				TEST_HOST = "$(BUILT_PRODUCTS_DIR)/health_kit_test.app/health_kit_test";
			};
			name = Release;
		};
		765CFF0A217A7B5E00B526DA /* Debug */ = {
			isa = XCBuildConfiguration;
			baseConfigurationReference = C0B695E48E2C9703D5521BF8 /* Pods-health_kit_testUITests.debug.xcconfig */;
			buildSettings = {
				ALWAYS_EMBED_SWIFT_STANDARD_LIBRARIES = YES;
				CODE_SIGN_STYLE = Automatic;
				INFOPLIST_FILE = health_kit_testUITests/Info.plist;
				LD_RUNPATH_SEARCH_PATHS = (
					"$(inherited)",
					"@executable_path/Frameworks",
					"@loader_path/Frameworks",
				);
				PRODUCT_BUNDLE_IDENTIFIER = "goldader.health-kit-testUITests";
				PRODUCT_NAME = "$(TARGET_NAME)";
				SWIFT_VERSION = 4.2;
				TARGETED_DEVICE_FAMILY = "1,2";
				TEST_TARGET_NAME = health_kit_test;
			};
			name = Debug;
		};
		765CFF0B217A7B5E00B526DA /* Release */ = {
			isa = XCBuildConfiguration;
			baseConfigurationReference = 57BF0EA7886BC6CFA06B7D80 /* Pods-health_kit_testUITests.release.xcconfig */;
			buildSettings = {
				ALWAYS_EMBED_SWIFT_STANDARD_LIBRARIES = YES;
				CODE_SIGN_STYLE = Automatic;
				INFOPLIST_FILE = health_kit_testUITests/Info.plist;
				LD_RUNPATH_SEARCH_PATHS = (
					"$(inherited)",
					"@executable_path/Frameworks",
					"@loader_path/Frameworks",
				);
				PRODUCT_BUNDLE_IDENTIFIER = "goldader.health-kit-testUITests";
				PRODUCT_NAME = "$(TARGET_NAME)";
				SWIFT_VERSION = 4.2;
				TARGETED_DEVICE_FAMILY = "1,2";
				TEST_TARGET_NAME = health_kit_test;
			};
			name = Release;
		};
/* End XCBuildConfiguration section */

/* Begin XCConfigurationList section */
		765CFED6217A7B5B00B526DA /* Build configuration list for PBXProject "health_kit_test" */ = {
			isa = XCConfigurationList;
			buildConfigurations = (
				765CFF01217A7B5E00B526DA /* Debug */,
				765CFF02217A7B5E00B526DA /* Release */,
			);
			defaultConfigurationIsVisible = 0;
			defaultConfigurationName = Release;
		};
		765CFF03217A7B5E00B526DA /* Build configuration list for PBXNativeTarget "health_kit_test" */ = {
			isa = XCConfigurationList;
			buildConfigurations = (
				765CFF04217A7B5E00B526DA /* Debug */,
				765CFF05217A7B5E00B526DA /* Release */,
			);
			defaultConfigurationIsVisible = 0;
			defaultConfigurationName = Release;
		};
		765CFF06217A7B5E00B526DA /* Build configuration list for PBXNativeTarget "health_kit_testTests" */ = {
			isa = XCConfigurationList;
			buildConfigurations = (
				765CFF07217A7B5E00B526DA /* Debug */,
				765CFF08217A7B5E00B526DA /* Release */,
			);
			defaultConfigurationIsVisible = 0;
			defaultConfigurationName = Release;
		};
		765CFF09217A7B5E00B526DA /* Build configuration list for PBXNativeTarget "health_kit_testUITests" */ = {
			isa = XCConfigurationList;
			buildConfigurations = (
				765CFF0A217A7B5E00B526DA /* Debug */,
				765CFF0B217A7B5E00B526DA /* Release */,
			);
			defaultConfigurationIsVisible = 0;
			defaultConfigurationName = Release;
		};
/* End XCConfigurationList section */
	};
	rootObject = 765CFED3217A7B5B00B526DA /* Project object */;
}
